Microsoft Visual Studio Solution File, Format Version 12.00
# Visual Studio Version 17
VisualStudioVersion = 17.12.35521.163
MinimumVisualStudioVersion = 10.0.40219.1
Project("{FAE04EC0-301F-11D3-BF4B-00C04F79EFBC}") = "Gwiz.Core", "Gwiz.Core\Gwiz.Core.csproj", "{8E9D957F-571D-4AF4-B472-8B151EE54200}"
EndProject
Project("{FAE04EC0-301F-11D3-BF4B-00C04F79EFBC}") = "Gwiz.UiControl.WinUi3", "Gwiz.UiControl.WinUi3\Gwiz.UiControl.WinUi3.csproj", "{F542FF72-406A-4C53-8A5C-9A525B0572DD}"
EndProject
Project("{FAE04EC0-301F-11D3-BF4B-00C04F79EFBC}") = "Gwiz.App.GraphTest", "Gwiz.App.GraphTest\Gwiz.App.GraphTest.csproj", "{CBC42B54-DE15-412C-B208-CDBACA6C215F}"
EndProject
Project("{FAE04EC0-301F-11D3-BF4B-00C04F79EFBC}") = "Gwiz.Core.Contract", "Gwiz.Core.Contract\Gwiz.Core.Contract.csproj", "{BFEC4310-D4ED-4FC0-A4BC-78DD8B23A0CE}"
EndProject
Project("{FAE04EC0-301F-11D3-BF4B-00C04F79EFBC}") = "Gwiz.Core.Test", "Gwiz.Core.Test\Gwiz.Core.Test.csproj", "{ED1A41AB-D7A2-424B-996E-B55D2396AFBE}"
EndProject
Global
	GlobalSection(SolutionConfigurationPlatforms) = preSolution
		Debug|x64 = Debug|x64
		Release|x64 = Release|x64
	EndGlobalSection
	GlobalSection(ProjectConfigurationPlatforms) = postSolution
		{8E9D957F-571D-4AF4-B472-8B151EE54200}.Debug|x64.ActiveCfg = Debug|x64
		{8E9D957F-571D-4AF4-B472-8B151EE54200}.Debug|x64.Build.0 = Debug|x64
		{8E9D957F-571D-4AF4-B472-8B151EE54200}.Release|x64.ActiveCfg = Release|x64
		{8E9D957F-571D-4AF4-B472-8B151EE54200}.Release|x64.Build.0 = Release|x64
		{F542FF72-406A-4C53-8A5C-9A525B0572DD}.Debug|x64.ActiveCfg = Debug|x64
		{F542FF72-406A-4C53-8A5C-9A525B0572DD}.Debug|x64.Build.0 = Debug|x64
		{F542FF72-406A-4C53-8A5C-9A525B0572DD}.Release|x64.ActiveCfg = Release|x64
		{F542FF72-406A-4C53-8A5C-9A525B0572DD}.Release|x64.Build.0 = Release|x64
		{CBC42B54-DE15-412C-B208-CDBACA6C215F}.Debug|x64.ActiveCfg = Debug|x64
		{CBC42B54-DE15-412C-B208-CDBACA6C215F}.Debug|x64.Build.0 = Debug|x64
		{CBC42B54-DE15-412C-B208-CDBACA6C215F}.Debug|x64.Deploy.0 = Debug|x64
		{CBC42B54-DE15-412C-B208-CDBACA6C215F}.Release|x64.ActiveCfg = Release|x64
		{CBC42B54-DE15-412C-B208-CDBACA6C215F}.Release|x64.Build.0 = Release|x64
		{CBC42B54-DE15-412C-B208-CDBACA6C215F}.Release|x64.Deploy.0 = Release|x64
		{BFEC4310-D4ED-4FC0-A4BC-78DD8B23A0CE}.Debug|x64.ActiveCfg = Debug|x64
		{BFEC4310-D4ED-4FC0-A4BC-78DD8B23A0CE}.Debug|x64.Build.0 = Debug|x64
		{BFEC4310-D4ED-4FC0-A4BC-78DD8B23A0CE}.Release|x64.ActiveCfg = Release|x64
		{BFEC4310-D4ED-4FC0-A4BC-78DD8B23A0CE}.Release|x64.Build.0 = Release|x64
		{ED1A41AB-D7A2-424B-996E-B55D2396AFBE}.Debug|x64.ActiveCfg = Debug|x64
		{ED1A41AB-D7A2-424B-996E-B55D2396AFBE}.Debug|x64.Build.0 = Debug|x64
		{ED1A41AB-D7A2-424B-996E-B55D2396AFBE}.Release|x64.ActiveCfg = Release|x64
		{ED1A41AB-D7A2-424B-996E-B55D2396AFBE}.Release|x64.Build.0 = Release|x64
	EndGlobalSection
	GlobalSection(SolutionProperties) = preSolution
		HideSolutionNode = FALSE
	EndGlobalSection
EndGlobal
